
Microsoft Visual Studio Solution File, Format Version 12.00
# Visual Studio Version 16
VisualStudioVersion = 16.0.31515.178
MinimumVisualStudioVersion = 10.0.40219.1
Project("{FAE04EC0-301F-11D3-BF4B-00C04F79EFBC}") = "CatracaApp", "interfaceArduinoVS2013\CatracaApp.csproj", "{4E4E59AE-A6AB-4E72-9E31-15F9FED0BFB6}"
EndProject
Global
	GlobalSection(SolutionConfigurationPlatforms) = preSolution
		Debug|Any CPU = Debug|Any CPU
		Release|Any CPU = Release|Any CPU
	EndGlobalSection
	GlobalSection(ProjectConfigurationPlatforms) = postSolution
		{4E4E59AE-A6AB-4E72-9E31-15F9FED0BFB6}.Debug|Any CPU.ActiveCfg = Debug|Any CPU
		{4E4E59AE-A6AB-4E72-9E31-15F9FED0BFB6}.Debug|Any CPU.Build.0 = Debug|Any CPU
		{4E4E59AE-A6AB-4E72-9E31-15F9FED0BFB6}.Release|Any CPU.ActiveCfg = Release|Any CPU
		{4E4E59AE-A6AB-4E72-9E31-15F9FED0BFB6}.Release|Any CPU.Build.0 = Release|Any CPU
	EndGlobalSection
	GlobalSection(SolutionProperties) = preSolution
		HideSolutionNode = FALSE
	EndGlobalSection
	GlobalSection(ExtensibilityGlobals) = postSolution
		SolutionGuid = {907A9526-2C25-4A9C-AC38-29F6FC2DE765}
	EndGlobalSection
EndGlobal
